
Microsoft Visual Studio Solution File, Format Version 12.00
# Visual Studio Version 17
VisualStudioVersion = 17.6.33723.286
MinimumVisualStudioVersion = 10.0.40219.1
Project("{9A19103F-16F7-4668-BE54-9A1E7A4F7556}") = "Apresentacao", "Apresentacao.csproj", "{20046214-6CA2-4947-B341-6EB5C610BC31}"
EndProject
Project("{9A19103F-16F7-4668-BE54-9A1E7A4F7556}") = "Dominio", "..\Dominio\Dominio.csproj", "{AF384A9F-4288-40E7-BADF-01F46CE3D04E}"
EndProject
Project("{9A19103F-16F7-4668-BE54-9A1E7A4F7556}") = "Infraestrutura", "..\Infraestrutura\Infraestrutura.csproj", "{1972188E-EAD4-4BC2-85FD-87BFB46AAEC7}"
EndProject
Global
	GlobalSection(SolutionConfigurationPlatforms) = preSolution
		Debug|Any CPU = Debug|Any CPU
		Release|Any CPU = Release|Any CPU
	EndGlobalSection
	GlobalSection(ProjectConfigurationPlatforms) = postSolution
		{20046214-6CA2-4947-B341-6EB5C610BC31}.Debug|Any CPU.ActiveCfg = Debug|Any CPU
		{20046214-6CA2-4947-B341-6EB5C610BC31}.Debug|Any CPU.Build.0 = Debug|Any CPU
		{20046214-6CA2-4947-B341-6EB5C610BC31}.Release|Any CPU.ActiveCfg = Release|Any CPU
		{20046214-6CA2-4947-B341-6EB5C610BC31}.Release|Any CPU.Build.0 = Release|Any CPU
		{AF384A9F-4288-40E7-BADF-01F46CE3D04E}.Debug|Any CPU.ActiveCfg = Debug|Any CPU
		{AF384A9F-4288-40E7-BADF-01F46CE3D04E}.Debug|Any CPU.Build.0 = Debug|Any CPU
		{AF384A9F-4288-40E7-BADF-01F46CE3D04E}.Release|Any CPU.ActiveCfg = Release|Any CPU
		{AF384A9F-4288-40E7-BADF-01F46CE3D04E}.Release|Any CPU.Build.0 = Release|Any CPU
		{1972188E-EAD4-4BC2-85FD-87BFB46AAEC7}.Debug|Any CPU.ActiveCfg = Debug|Any CPU
		{1972188E-EAD4-4BC2-85FD-87BFB46AAEC7}.Debug|Any CPU.Build.0 = Debug|Any CPU
		{1972188E-EAD4-4BC2-85FD-87BFB46AAEC7}.Release|Any CPU.ActiveCfg = Release|Any CPU
		{1972188E-EAD4-4BC2-85FD-87BFB46AAEC7}.Release|Any CPU.Build.0 = Release|Any CPU
	EndGlobalSection
	GlobalSection(SolutionProperties) = preSolution
		HideSolutionNode = FALSE
	EndGlobalSection
	GlobalSection(ExtensibilityGlobals) = postSolution
		SolutionGuid = {004A439A-5D87-485B-A40D-77CF4D58810D}
	EndGlobalSection
EndGlobal
